
Microsoft Visual Studio Solution File, Format Version 12.00
# Visual Studio Version 16
VisualStudioVersion = 16.0.32002.261
MinimumVisualStudioVersion = 10.0.40219.1
Project("{FAE04EC0-301F-11D3-BF4B-00C04F79EFBC}") = "OrangeHRFinalProject", "OrangeHRFinalProject\OrangeHRFinalProject.csproj", "{FC1B7315-C635-49F3-B6B2-FBD4D587E955}"
EndProject
Project("{FAE04EC0-301F-11D3-BF4B-00C04F79EFBC}") = "OrangeHRFinalProject.BLL", "OrangeHRFinalProject.BLL\OrangeHRFinalProject.BLL.csproj", "{FD050B39-FF42-41FB-B18D-AB54B9AEE628}"
EndProject
Project("{FAE04EC0-301F-11D3-BF4B-00C04F79EFBC}") = "OrangeHRFinalProject.DAL", "OrangeHRFinalProject.DAL\OrangeHRFinalProject.DAL.csproj", "{66AFE759-DE71-4E13-A03F-7A4043961BC5}"
EndProject
Project("{FAE04EC0-301F-11D3-BF4B-00C04F79EFBC}") = "OrangeHRFinalProject.ViewModels", "OrangeHRFinalProject.ViewModels\OrangeHRFinalProject.ViewModels.csproj", "{02F0F189-957F-4749-A237-510BC0A00783}"
EndProject
Project("{FAE04EC0-301F-11D3-BF4B-00C04F79EFBC}") = "OrangeHRFinalProject.Entities", "OrangeHRFinalProject.Entities\OrangeHRFinalProject.Entities.csproj", "{B9551011-C5BA-4A60-9EB8-EB157F787056}"
EndProject
Global
	GlobalSection(SolutionConfigurationPlatforms) = preSolution
		Debug|Any CPU = Debug|Any CPU
		Release|Any CPU = Release|Any CPU
	EndGlobalSection
	GlobalSection(ProjectConfigurationPlatforms) = postSolution
		{FC1B7315-C635-49F3-B6B2-FBD4D587E955}.Debug|Any CPU.ActiveCfg = Debug|Any CPU
		{FC1B7315-C635-49F3-B6B2-FBD4D587E955}.Debug|Any CPU.Build.0 = Debug|Any CPU
		{FC1B7315-C635-49F3-B6B2-FBD4D587E955}.Release|Any CPU.ActiveCfg = Release|Any CPU
		{FC1B7315-C635-49F3-B6B2-FBD4D587E955}.Release|Any CPU.Build.0 = Release|Any CPU
		{FD050B39-FF42-41FB-B18D-AB54B9AEE628}.Debug|Any CPU.ActiveCfg = Debug|Any CPU
		{FD050B39-FF42-41FB-B18D-AB54B9AEE628}.Debug|Any CPU.Build.0 = Debug|Any CPU
		{FD050B39-FF42-41FB-B18D-AB54B9AEE628}.Release|Any CPU.ActiveCfg = Release|Any CPU
		{FD050B39-FF42-41FB-B18D-AB54B9AEE628}.Release|Any CPU.Build.0 = Release|Any CPU
		{66AFE759-DE71-4E13-A03F-7A4043961BC5}.Debug|Any CPU.ActiveCfg = Debug|Any CPU
		{66AFE759-DE71-4E13-A03F-7A4043961BC5}.Debug|Any CPU.Build.0 = Debug|Any CPU
		{66AFE759-DE71-4E13-A03F-7A4043961BC5}.Release|Any CPU.ActiveCfg = Release|Any CPU
		{66AFE759-DE71-4E13-A03F-7A4043961BC5}.Release|Any CPU.Build.0 = Release|Any CPU
		{02F0F189-957F-4749-A237-510BC0A00783}.Debug|Any CPU.ActiveCfg = Debug|Any CPU
		{02F0F189-957F-4749-A237-510BC0A00783}.Debug|Any CPU.Build.0 = Debug|Any CPU
		{02F0F189-957F-4749-A237-510BC0A00783}.Release|Any CPU.ActiveCfg = Release|Any CPU
		{02F0F189-957F-4749-A237-510BC0A00783}.Release|Any CPU.Build.0 = Release|Any CPU
		{B9551011-C5BA-4A60-9EB8-EB157F787056}.Debug|Any CPU.ActiveCfg = Debug|Any CPU
		{B9551011-C5BA-4A60-9EB8-EB157F787056}.Debug|Any CPU.Build.0 = Debug|Any CPU
		{B9551011-C5BA-4A60-9EB8-EB157F787056}.Release|Any CPU.ActiveCfg = Release|Any CPU
		{B9551011-C5BA-4A60-9EB8-EB157F787056}.Release|Any CPU.Build.0 = Release|Any CPU
	EndGlobalSection
	GlobalSection(SolutionProperties) = preSolution
		HideSolutionNode = FALSE
	EndGlobalSection
	GlobalSection(ExtensibilityGlobals) = postSolution
		SolutionGuid = {6A64E61A-35DE-4F3E-A0EE-75D89B02F50E}
	EndGlobalSection
EndGlobal
